{
  "name": "Karobar",
  "lockfileVersion": 3,
  "requires": true,
  "packages": {
    "": {
      "dependencies": {
        "@flipsidecrypto/sdk": "^2.1.0"
      }
    },
    "node_modules/@flipsidecrypto/sdk": {
      "version": "2.1.0",
      "resolved": "https://registry.npmjs.org/@flipsidecrypto/sdk/-/sdk-2.1.0.tgz",
      "integrity": "sha512-Ko9awqzFbIWGoW/VAivnCuISAlJzvNUI7LvyROX7RYbfveyISX07YtNEDWurM0oYr/KDL2NLjzqh1AGoVJvipw==",
      "license": "MIT",
      "dependencies": {
        "@types/eslint": "^8.4.8",
        "xior": "^0.1.1"
      }
    },
    "node_modules/@types/eslint": {
      "version": "8.56.12",
      "resolved": "https://registry.npmjs.org/@types/eslint/-/eslint-8.56.12.tgz",
      "integrity": "sha512-03ruubjWyOHlmljCVoxSuNDdmfZDzsrrz0P2LeJsOXr+ZwFQ+0yQIwNCwt/GYhV7Z31fgtXJTAEs+FYlEL851g==",
      "license": "MIT",
      "dependencies": {
        "@types/estree": "*",
        "@types/json-schema": "*"
      }
    },
    "node_modules/@types/estree": {
      "version": "1.0.6",
      "resolved": "https://registry.npmjs.org/@types/estree/-/estree-1.0.6.tgz",
      "integrity": "sha512-AYnb1nQyY49te+VRAVgmzfcgjYS91mY5P0TKUDCLEM+gNnA+3T6rWITXRLYCpahpqSQbN5cE+gHpnPyXjHWxcw==",
      "license": "MIT"
    },
    "node_modules/@types/json-schema": {
      "version": "7.0.15",
      "resolved": "https://registry.npmjs.org/@types/json-schema/-/json-schema-7.0.15.tgz",
      "integrity": "sha512-5+fP8P8MFNC+AyZCDxrB2pkZFPGzqQWUzpSeuuVLvm8VMcorNYavBqoFcxK8bQz4Qsbn4oUEEem4wDLfcysGHA==",
      "license": "MIT"
    },
    "node_modules/tiny-lru": {
      "version": "11.2.11",
      "resolved": "https://registry.npmjs.org/tiny-lru/-/tiny-lru-11.2.11.tgz",
      "integrity": "sha512-27BIW0dIWTYYoWNnqSmoNMKe5WIbkXsc0xaCQHd3/3xT2XMuMJrzHdrO9QBFR14emBz1Bu0dOAs2sCBBrvgPQA==",
      "license": "BSD-3-Clause",
      "engines": {
        "node": ">=12"
      }
    },
    "node_modules/ts-deepmerge": {
      "version": "7.0.1",
      "resolved": "https://registry.npmjs.org/ts-deepmerge/-/ts-deepmerge-7.0.1.tgz",
      "integrity": "sha512-JBFCmNenZdUCc+TRNCtXVM6N8y/nDQHAcpj5BlwXG/gnogjam1NunulB9ia68mnqYI446giMfpqeBFFkOleh+g==",
      "license": "ISC",
      "engines": {
        "node": ">=14.13.1"
      }
    },
    "node_modules/xior": {
      "version": "0.1.4",
      "resolved": "https://registry.npmjs.org/xior/-/xior-0.1.4.tgz",
      "integrity": "sha512-vigS5TEZEmM76FeE/tmIhp0MX9dHOdysxMTKtWgzjbuPK5Hmgi+zwgiI6xVShMkQqPf6mpXIcywYidOJwmksaw==",
      "license": "MIT",
      "dependencies": {
        "tiny-lru": "^11.2.5",
        "ts-deepmerge": "^7.0.0"
      }
    }
  }
}
